
Microsoft Visual Studio Solution File, Format Version 12.00
# Visual Studio 14
VisualStudioVersion = 14.0.25420.1
MinimumVisualStudioVersion = 10.0.40219.1
Project("{FAE04EC0-301F-11D3-BF4B-00C04F79EFBC}") = "ACME.BL", "ACME.BL\ACME.BL.csproj", "{DE4558EC-DB78-456C-8F96-32704A8AE9BC}"
EndProject
Project("{2150E333-8FDC-42A3-9474-1A3956D46DE8}") = "Tests", "Tests", "{7944B7D1-8ABF-4B45-9D1F-8AD2B2159610}"
EndProject
Project("{FAE04EC0-301F-11D3-BF4B-00C04F79EFBC}") = "ACME.BL.Test", "ACME.BL.Test\ACME.BL.Test.csproj", "{8B090A23-DD84-4191-B093-20471AD60C45}"
EndProject
Project("{FAE04EC0-301F-11D3-BF4B-00C04F79EFBC}") = "ACME.DAL", "ACME.DAL\ACME.DAL.csproj", "{6835EEAD-F80C-41D1-8370-4E1E3E5640E1}"
EndProject
Project("{FAE04EC0-301F-11D3-BF4B-00C04F79EFBC}") = "ACME.VMS", "ACME.VMS\ACME.VMS.csproj", "{651058C9-E71A-426A-A261-8B5B10FF65B0}"
EndProject
Project("{FAE04EC0-301F-11D3-BF4B-00C04F79EFBC}") = "ACME.WEB", "ACME.WEB\ACME.WEB.csproj", "{11B423EC-2FEB-4CA3-A9E4-963C90F2584C}"
EndProject
Project("{FAE04EC0-301F-11D3-BF4B-00C04F79EFBC}") = "ACME.Common", "ACME.Common\ACME.Common.csproj", "{B9CA4E45-74F7-4795-B67C-5FA90734370D}"
EndProject
Project("{FAE04EC0-301F-11D3-BF4B-00C04F79EFBC}") = "ACME.CommonTest", "ACME.CommonTest\ACME.CommonTest.csproj", "{27992608-4C89-4C8F-AD7A-7E9D72077C40}"
EndProject
Global
	GlobalSection(SolutionConfigurationPlatforms) = preSolution
		Debug|Any CPU = Debug|Any CPU
		Release|Any CPU = Release|Any CPU
	EndGlobalSection
	GlobalSection(ProjectConfigurationPlatforms) = postSolution
		{DE4558EC-DB78-456C-8F96-32704A8AE9BC}.Debug|Any CPU.ActiveCfg = Debug|Any CPU
		{DE4558EC-DB78-456C-8F96-32704A8AE9BC}.Debug|Any CPU.Build.0 = Debug|Any CPU
		{DE4558EC-DB78-456C-8F96-32704A8AE9BC}.Release|Any CPU.ActiveCfg = Release|Any CPU
		{DE4558EC-DB78-456C-8F96-32704A8AE9BC}.Release|Any CPU.Build.0 = Release|Any CPU
		{8B090A23-DD84-4191-B093-20471AD60C45}.Debug|Any CPU.ActiveCfg = Debug|Any CPU
		{8B090A23-DD84-4191-B093-20471AD60C45}.Debug|Any CPU.Build.0 = Debug|Any CPU
		{8B090A23-DD84-4191-B093-20471AD60C45}.Release|Any CPU.ActiveCfg = Release|Any CPU
		{8B090A23-DD84-4191-B093-20471AD60C45}.Release|Any CPU.Build.0 = Release|Any CPU
		{6835EEAD-F80C-41D1-8370-4E1E3E5640E1}.Debug|Any CPU.ActiveCfg = Debug|Any CPU
		{6835EEAD-F80C-41D1-8370-4E1E3E5640E1}.Debug|Any CPU.Build.0 = Debug|Any CPU
		{6835EEAD-F80C-41D1-8370-4E1E3E5640E1}.Release|Any CPU.ActiveCfg = Release|Any CPU
		{6835EEAD-F80C-41D1-8370-4E1E3E5640E1}.Release|Any CPU.Build.0 = Release|Any CPU
		{651058C9-E71A-426A-A261-8B5B10FF65B0}.Debug|Any CPU.ActiveCfg = Debug|Any CPU
		{651058C9-E71A-426A-A261-8B5B10FF65B0}.Debug|Any CPU.Build.0 = Debug|Any CPU
		{651058C9-E71A-426A-A261-8B5B10FF65B0}.Release|Any CPU.ActiveCfg = Release|Any CPU
		{651058C9-E71A-426A-A261-8B5B10FF65B0}.Release|Any CPU.Build.0 = Release|Any CPU
		{11B423EC-2FEB-4CA3-A9E4-963C90F2584C}.Debug|Any CPU.ActiveCfg = Debug|Any CPU
		{11B423EC-2FEB-4CA3-A9E4-963C90F2584C}.Debug|Any CPU.Build.0 = Debug|Any CPU
		{11B423EC-2FEB-4CA3-A9E4-963C90F2584C}.Release|Any CPU.ActiveCfg = Release|Any CPU
		{11B423EC-2FEB-4CA3-A9E4-963C90F2584C}.Release|Any CPU.Build.0 = Release|Any CPU
		{B9CA4E45-74F7-4795-B67C-5FA90734370D}.Debug|Any CPU.ActiveCfg = Debug|Any CPU
		{B9CA4E45-74F7-4795-B67C-5FA90734370D}.Debug|Any CPU.Build.0 = Debug|Any CPU
		{B9CA4E45-74F7-4795-B67C-5FA90734370D}.Release|Any CPU.ActiveCfg = Release|Any CPU
		{B9CA4E45-74F7-4795-B67C-5FA90734370D}.Release|Any CPU.Build.0 = Release|Any CPU
		{27992608-4C89-4C8F-AD7A-7E9D72077C40}.Debug|Any CPU.ActiveCfg = Debug|Any CPU
		{27992608-4C89-4C8F-AD7A-7E9D72077C40}.Debug|Any CPU.Build.0 = Debug|Any CPU
		{27992608-4C89-4C8F-AD7A-7E9D72077C40}.Release|Any CPU.ActiveCfg = Release|Any CPU
		{27992608-4C89-4C8F-AD7A-7E9D72077C40}.Release|Any CPU.Build.0 = Release|Any CPU
	EndGlobalSection
	GlobalSection(SolutionProperties) = preSolution
		HideSolutionNode = FALSE
	EndGlobalSection
	GlobalSection(NestedProjects) = preSolution
		{8B090A23-DD84-4191-B093-20471AD60C45} = {7944B7D1-8ABF-4B45-9D1F-8AD2B2159610}
		{27992608-4C89-4C8F-AD7A-7E9D72077C40} = {7944B7D1-8ABF-4B45-9D1F-8AD2B2159610}
	EndGlobalSection
EndGlobal
